
Microsoft Visual Studio Solution File, Format Version 12.00
# Visual Studio 15
VisualStudioVersion = 15.0.26606.0
MinimumVisualStudioVersion = 10.0.40219.1
Project("{FAE04EC0-301F-11D3-BF4B-00C04F79EFBC}") = "MyProject.WebApplication", "MyProject.WebApplication\MyProject.WebApplication.csproj", "{F2BF164B-9467-4E04-9929-C5CC128808E9}"
EndProject
Project("{FAE04EC0-301F-11D3-BF4B-00C04F79EFBC}") = "MyProject.WebAPI", "MyProject.WebAPI\MyProject.WebAPI.csproj", "{F1A93219-7174-4CD9-B5A7-A71C83D9C91F}"
EndProject
Project("{FAE04EC0-301F-11D3-BF4B-00C04F79EFBC}") = "MyProject.DataAccess", "MyProject.DataAccess\MyProject.DataAccess.csproj", "{AA838A30-89C1-4011-8451-418138BBAC34}"
EndProject
Global
	GlobalSection(SolutionConfigurationPlatforms) = preSolution
		Debug|Any CPU = Debug|Any CPU
		Release|Any CPU = Release|Any CPU
	EndGlobalSection
	GlobalSection(ProjectConfigurationPlatforms) = postSolution
		{F2BF164B-9467-4E04-9929-C5CC128808E9}.Debug|Any CPU.ActiveCfg = Debug|Any CPU
		{F2BF164B-9467-4E04-9929-C5CC128808E9}.Debug|Any CPU.Build.0 = Debug|Any CPU
		{F2BF164B-9467-4E04-9929-C5CC128808E9}.Release|Any CPU.ActiveCfg = Release|Any CPU
		{F2BF164B-9467-4E04-9929-C5CC128808E9}.Release|Any CPU.Build.0 = Release|Any CPU
		{F1A93219-7174-4CD9-B5A7-A71C83D9C91F}.Debug|Any CPU.ActiveCfg = Debug|Any CPU
		{F1A93219-7174-4CD9-B5A7-A71C83D9C91F}.Debug|Any CPU.Build.0 = Debug|Any CPU
		{F1A93219-7174-4CD9-B5A7-A71C83D9C91F}.Release|Any CPU.ActiveCfg = Release|Any CPU
		{F1A93219-7174-4CD9-B5A7-A71C83D9C91F}.Release|Any CPU.Build.0 = Release|Any CPU
		{AA838A30-89C1-4011-8451-418138BBAC34}.Debug|Any CPU.ActiveCfg = Debug|Any CPU
		{AA838A30-89C1-4011-8451-418138BBAC34}.Debug|Any CPU.Build.0 = Debug|Any CPU
		{AA838A30-89C1-4011-8451-418138BBAC34}.Release|Any CPU.ActiveCfg = Release|Any CPU
		{AA838A30-89C1-4011-8451-418138BBAC34}.Release|Any CPU.Build.0 = Release|Any CPU
	EndGlobalSection
	GlobalSection(SolutionProperties) = preSolution
		HideSolutionNode = FALSE
	EndGlobalSection
EndGlobal
